
Microsoft Visual Studio Solution File, Format Version 12.00
# Visual Studio Version 16
VisualStudioVersion = 16.0.30907.101
MinimumVisualStudioVersion = 10.0.40219.1
Project("{FAE04EC0-301F-11D3-BF4B-00C04F79EFBC}") = "Methods", "Methods\Methods.csproj", "{31743F7F-F95D-4632-B1B8-DDA95CEDED1C}"
EndProject
Project("{FAE04EC0-301F-11D3-BF4B-00C04F79EFBC}") = "ref-out-keywords", "ref-out-keywords\ref-out-keywords.csproj", "{8BC986BF-3C8B-4A7C-B026-6E88BF2ECD37}"
EndProject
Global
	GlobalSection(SolutionConfigurationPlatforms) = preSolution
		Debug|Any CPU = Debug|Any CPU
		Release|Any CPU = Release|Any CPU
	EndGlobalSection
	GlobalSection(ProjectConfigurationPlatforms) = postSolution
		{31743F7F-F95D-4632-B1B8-DDA95CEDED1C}.Debug|Any CPU.ActiveCfg = Debug|Any CPU
		{31743F7F-F95D-4632-B1B8-DDA95CEDED1C}.Debug|Any CPU.Build.0 = Debug|Any CPU
		{31743F7F-F95D-4632-B1B8-DDA95CEDED1C}.Release|Any CPU.ActiveCfg = Release|Any CPU
		{31743F7F-F95D-4632-B1B8-DDA95CEDED1C}.Release|Any CPU.Build.0 = Release|Any CPU
		{8BC986BF-3C8B-4A7C-B026-6E88BF2ECD37}.Debug|Any CPU.ActiveCfg = Debug|Any CPU
		{8BC986BF-3C8B-4A7C-B026-6E88BF2ECD37}.Debug|Any CPU.Build.0 = Debug|Any CPU
		{8BC986BF-3C8B-4A7C-B026-6E88BF2ECD37}.Release|Any CPU.ActiveCfg = Release|Any CPU
		{8BC986BF-3C8B-4A7C-B026-6E88BF2ECD37}.Release|Any CPU.Build.0 = Release|Any CPU
	EndGlobalSection
	GlobalSection(SolutionProperties) = preSolution
		HideSolutionNode = FALSE
	EndGlobalSection
	GlobalSection(ExtensibilityGlobals) = postSolution
		SolutionGuid = {F0513010-EB73-4531-A27F-7A1FF2882FF5}
	EndGlobalSection
EndGlobal
